
Microsoft Visual Studio Solution File, Format Version 12.00
# Visual Studio 15
VisualStudioVersion = 15.0.28010.2003
MinimumVisualStudioVersion = 10.0.40219.1
Project("{FAE04EC0-301F-11D3-BF4B-00C04F79EFBC}") = "Cosme_EjercicioTecnico", "Cosme_EjercicioTecnico\Cosme_EjercicioTecnico.csproj", "{1D28BE60-7EDF-44E5-8AB2-322BA6FB7C4B}"
EndProject
Global
	GlobalSection(SolutionConfigurationPlatforms) = preSolution
		Debug|Any CPU = Debug|Any CPU
		Release|Any CPU = Release|Any CPU
	EndGlobalSection
	GlobalSection(ProjectConfigurationPlatforms) = postSolution
		{1D28BE60-7EDF-44E5-8AB2-322BA6FB7C4B}.Debug|Any CPU.ActiveCfg = Debug|Any CPU
		{1D28BE60-7EDF-44E5-8AB2-322BA6FB7C4B}.Debug|Any CPU.Build.0 = Debug|Any CPU
		{1D28BE60-7EDF-44E5-8AB2-322BA6FB7C4B}.Release|Any CPU.ActiveCfg = Release|Any CPU
		{1D28BE60-7EDF-44E5-8AB2-322BA6FB7C4B}.Release|Any CPU.Build.0 = Release|Any CPU
	EndGlobalSection
	GlobalSection(SolutionProperties) = preSolution
		HideSolutionNode = FALSE
	EndGlobalSection
	GlobalSection(ExtensibilityGlobals) = postSolution
		SolutionGuid = {1C2E5714-B3E0-4407-95AE-602C446454F1}
	EndGlobalSection
EndGlobal
